// !$*UTF8*$!
{
	archiveVersion = 1;
	classes = {
	};
	objectVersion = 52;
	objects = {

/* Begin PBXBuildFile section */
		950D889C271E9D470014F756 /* FourCircles.swift in Sources */ = {isa = PBXBuildFile; fileRef = 950D889B271E9D470014F756 /* FourCircles.swift */; };
		950D889E271EA0C10014F756 /* FourCirclesViewModel.swift in Sources */ = {isa = PBXBuildFile; fileRef = 950D889D271EA0C10014F756 /* FourCirclesViewModel.swift */; };
		950F139A2713F85F00E82A8A /* MainTriangle.swift in Sources */ = {isa = PBXBuildFile; fileRef = 950F13992713F85E00E82A8A /* MainTriangle.swift */; };
		951084BC26D78ECB0092BA5B /* PersonDetalsView.swift in Sources */ = {isa = PBXBuildFile; fileRef = 951084BB26D78ECB0092BA5B /* PersonDetalsView.swift */; };
		951084C026D796820092BA5B /* TopTemplateForDetalView.swift in Sources */ = {isa = PBXBuildFile; fileRef = 951084BF26D796820092BA5B /* TopTemplateForDetalView.swift */; };
		951084E426DCCD550092BA5B /* StillExView.swift in Sources */ = {isa = PBXBuildFile; fileRef = 951084E326DCCD550092BA5B /* StillExView.swift */; };
		95153D3A27227388008B8AC6 /* TimerViewForCircle.swift in Sources */ = {isa = PBXBuildFile; fileRef = 95153D3927227388008B8AC6 /* TimerViewForCircle.swift */; };
		951A1EFE26D38669004A5F46 /* SelfCoachingApApp.swift in Sources */ = {isa = PBXBuildFile; fileRef = 951A1EFD26D38669004A5F46 /* SelfCoachingApApp.swift */; };
		951A1F0226D3866B004A5F46 /* Assets.xcassets in Resources */ = {isa = PBXBuildFile; fileRef = 951A1F0126D3866B004A5F46 /* Assets.xcassets */; };
		951A1F0526D3866B004A5F46 /* Preview Assets.xcassets in Resources */ = {isa = PBXBuildFile; fileRef = 951A1F0426D3866B004A5F46 /* Preview Assets.xcassets */; };
		951A1F4826D503C7004A5F46 /* iOSDevPackage in Frameworks */ = {isa = PBXBuildFile; productRef = 951A1F4726D503C7004A5F46 /* iOSDevPackage */; };
		9535FB8E26E9B1BC0026C5DE /* Button.swift in Sources */ = {isa = PBXBuildFile; fileRef = 9535FB8D26E9B1BC0026C5DE /* Button.swift */; };
		9535FB9A26F0BAE20026C5DE /* Resolver in Frameworks */ = {isa = PBXBuildFile; productRef = 9535FB9926F0BAE20026C5DE /* Resolver */; };
		9584D9F1272F9C1700012A07 /* Tiktak.swift in Sources */ = {isa = PBXBuildFile; fileRef = 9584D9F0272F9C1700012A07 /* Tiktak.swift */; };
		9584D9F3272F9E4800012A07 /* tiktak.mp3 in Resources */ = {isa = PBXBuildFile; fileRef = 9584D9F2272F9E4800012A07 /* tiktak.mp3 */; };
		95B3097F26D61EB700B672D4 /* GoogleService-Info.plist in Resources */ = {isa = PBXBuildFile; fileRef = 95B3097E26D61EB700B672D4 /* GoogleService-Info.plist */; };
		95E91D26273A3DF400928460 /* ServiceLocator.swift in Sources */ = {isa = PBXBuildFile; fileRef = 95E91D25273A3DF400928460 /* ServiceLocator.swift */; };
		95E91D28273A4D1600928460 /* TestClass.swift in Sources */ = {isa = PBXBuildFile; fileRef = 95E91D27273A4D1600928460 /* TestClass.swift */; };
		95E91D2A273CD92A00928460 /* SimpleTimer.swift in Sources */ = {isa = PBXBuildFile; fileRef = 95E91D29273CD92A00928460 /* SimpleTimer.swift */; };
		95E91D2C273CFFD500928460 /* AboutTimer.swift in Sources */ = {isa = PBXBuildFile; fileRef = 95E91D2B273CFFD500928460 /* AboutTimer.swift */; };
		95E91D2E273D020E00928460 /* BreathSceme.swift in Sources */ = {isa = PBXBuildFile; fileRef = 95E91D2D273D020E00928460 /* BreathSceme.swift */; };
		95E91D30273D031200928460 /* Warning.swift in Sources */ = {isa = PBXBuildFile; fileRef = 95E91D2F273D031200928460 /* Warning.swift */; };
		95E91D32273D044E00928460 /* AboutMe.swift in Sources */ = {isa = PBXBuildFile; fileRef = 95E91D31273D044E00928460 /* AboutMe.swift */; };
		95E91D34273E124F00928460 /* SwiftUIView.swift in Sources */ = {isa = PBXBuildFile; fileRef = 95E91D33273E124F00928460 /* SwiftUIView.swift */; };
/* End PBXBuildFile section */

/* Begin PBXFileReference section */
		950D889B271E9D470014F756 /* FourCircles.swift */ = {isa = PBXFileReference; lastKnownFileType = sourcecode.swift; path = FourCircles.swift; sourceTree = "<group>"; };
		950D889D271EA0C10014F756 /* FourCirclesViewModel.swift */ = {isa = PBXFileReference; lastKnownFileType = sourcecode.swift; path = FourCirclesViewModel.swift; sourceTree = "<group>"; };
		950F13992713F85E00E82A8A /* MainTriangle.swift */ = {isa = PBXFileReference; lastKnownFileType = sourcecode.swift; path = MainTriangle.swift; sourceTree = "<group>"; };
		951084BB26D78ECB0092BA5B /* PersonDetalsView.swift */ = {isa = PBXFileReference; lastKnownFileType = sourcecode.swift; path = PersonDetalsView.swift; sourceTree = "<group>"; };
		951084BF26D796820092BA5B /* TopTemplateForDetalView.swift */ = {isa = PBXFileReference; lastKnownFileType = sourcecode.swift; path = TopTemplateForDetalView.swift; sourceTree = "<group>"; };
		951084E326DCCD550092BA5B /* StillExView.swift */ = {isa = PBXFileReference; lastKnownFileType = sourcecode.swift; path = StillExView.swift; sourceTree = "<group>"; };
		95153D3927227388008B8AC6 /* TimerViewForCircle.swift */ = {isa = PBXFileReference; lastKnownFileType = sourcecode.swift; path = TimerViewForCircle.swift; sourceTree = "<group>"; };
		951A1EFA26D38669004A5F46 /* SelfCoachingAp.app */ = {isa = PBXFileReference; explicitFileType = wrapper.application; includeInIndex = 0; path = SelfCoachingAp.app; sourceTree = BUILT_PRODUCTS_DIR; };
		951A1EFD26D38669004A5F46 /* SelfCoachingApApp.swift */ = {isa = PBXFileReference; lastKnownFileType = sourcecode.swift; path = SelfCoachingApApp.swift; sourceTree = "<group>"; };
		951A1F0126D3866B004A5F46 /* Assets.xcassets */ = {isa = PBXFileReference; lastKnownFileType = folder.assetcatalog; path = Assets.xcassets; sourceTree = "<group>"; };
		951A1F0426D3866B004A5F46 /* Preview Assets.xcassets */ = {isa = PBXFileReference; lastKnownFileType = folder.assetcatalog; path = "Preview Assets.xcassets"; sourceTree = "<group>"; };
		951A1F0626D3866B004A5F46 /* Info.plist */ = {isa = PBXFileReference; lastKnownFileType = text.plist.xml; path = Info.plist; sourceTree = "<group>"; };
		951A1F4B26D51CFB004A5F46 /* SelfCoachingAp.entitlements */ = {isa = PBXFileReference; lastKnownFileType = text.plist.entitlements; path = SelfCoachingAp.entitlements; sourceTree = "<group>"; };
		9535FB8D26E9B1BC0026C5DE /* Button.swift */ = {isa = PBXFileReference; lastKnownFileType = sourcecode.swift; path = Button.swift; sourceTree = "<group>"; };
		9584D9F0272F9C1700012A07 /* Tiktak.swift */ = {isa = PBXFileReference; lastKnownFileType = sourcecode.swift; path = Tiktak.swift; sourceTree = "<group>"; };
		9584D9F2272F9E4800012A07 /* tiktak.mp3 */ = {isa = PBXFileReference; lastKnownFileType = audio.mp3; path = tiktak.mp3; sourceTree = "<group>"; };
		95B3097E26D61EB700B672D4 /* GoogleService-Info.plist */ = {isa = PBXFileReference; fileEncoding = 4; lastKnownFileType = text.plist.xml; path = "GoogleService-Info.plist"; sourceTree = "<group>"; };
		95E91D25273A3DF400928460 /* ServiceLocator.swift */ = {isa = PBXFileReference; lastKnownFileType = sourcecode.swift; path = ServiceLocator.swift; sourceTree = "<group>"; };
		95E91D27273A4D1600928460 /* TestClass.swift */ = {isa = PBXFileReference; lastKnownFileType = sourcecode.swift; path = TestClass.swift; sourceTree = "<group>"; };
		95E91D29273CD92A00928460 /* SimpleTimer.swift */ = {isa = PBXFileReference; lastKnownFileType = sourcecode.swift; path = SimpleTimer.swift; sourceTree = "<group>"; };
		95E91D2B273CFFD500928460 /* AboutTimer.swift */ = {isa = PBXFileReference; lastKnownFileType = sourcecode.swift; path = AboutTimer.swift; sourceTree = "<group>"; };
		95E91D2D273D020E00928460 /* BreathSceme.swift */ = {isa = PBXFileReference; lastKnownFileType = sourcecode.swift; path = BreathSceme.swift; sourceTree = "<group>"; };
		95E91D2F273D031200928460 /* Warning.swift */ = {isa = PBXFileReference; lastKnownFileType = sourcecode.swift; path = Warning.swift; sourceTree = "<group>"; };
		95E91D31273D044E00928460 /* AboutMe.swift */ = {isa = PBXFileReference; lastKnownFileType = sourcecode.swift; path = AboutMe.swift; sourceTree = "<group>"; };
		95E91D33273E124F00928460 /* SwiftUIView.swift */ = {isa = PBXFileReference; lastKnownFileType = sourcecode.swift; path = SwiftUIView.swift; sourceTree = "<group>"; };
/* End PBXFileReference section */

/* Begin PBXFrameworksBuildPhase section */
		951A1EF726D38669004A5F46 /* Frameworks */ = {
			isa = PBXFrameworksBuildPhase;
			buildActionMask = 2147483647;
			files = (
				951A1F4826D503C7004A5F46 /* iOSDevPackage in Frameworks */,
				9535FB9A26F0BAE20026C5DE /* Resolver in Frameworks */,
			);
			runOnlyForDeploymentPostprocessing = 0;
		};
/* End PBXFrameworksBuildPhase section */

/* Begin PBXGroup section */
		950D8898271E9CD00014F756 /* Circles and Ints */ = {
			isa = PBXGroup;
			children = (
				9584D9F0272F9C1700012A07 /* Tiktak.swift */,
				95E91D27273A4D1600928460 /* TestClass.swift */,
				95E91D29273CD92A00928460 /* SimpleTimer.swift */,
				951084E326DCCD550092BA5B /* StillExView.swift */,
				950D889B271E9D470014F756 /* FourCircles.swift */,
				950D889D271EA0C10014F756 /* FourCirclesViewModel.swift */,
				95153D3927227388008B8AC6 /* TimerViewForCircle.swift */,
				950F13992713F85E00E82A8A /* MainTriangle.swift */,
			);
			path = "Circles and Ints";
			sourceTree = "<group>";
		};
		951084D326D8D0A30092BA5B /* Root */ = {
			isa = PBXGroup;
			children = (
				95E91D24273A3DAA00928460 /* DI */,
				951A1EFD26D38669004A5F46 /* SelfCoachingApApp.swift */,
			);
			path = Root;
			sourceTree = "<group>";
		};
		951084DA26D8D2380092BA5B /* PersonDetails */ = {
			isa = PBXGroup;
			children = (
				951084BB26D78ECB0092BA5B /* PersonDetalsView.swift */,
				95E91D2B273CFFD500928460 /* AboutTimer.swift */,
				95E91D33273E124F00928460 /* SwiftUIView.swift */,
				95E91D2F273D031200928460 /* Warning.swift */,
				95E91D2D273D020E00928460 /* BreathSceme.swift */,
				95E91D31273D044E00928460 /* AboutMe.swift */,
			);
			path = PersonDetails;
			sourceTree = "<group>";
		};
		951084DC26D8D3530092BA5B /* SingleViews */ = {
			isa = PBXGroup;
			children = (
				951084BF26D796820092BA5B /* TopTemplateForDetalView.swift */,
				9535FB8D26E9B1BC0026C5DE /* Button.swift */,
			);
			path = SingleViews;
			sourceTree = "<group>";
		};
		951A1EF126D38669004A5F46 = {
			isa = PBXGroup;
			children = (
				9584D9ED272F9B7100012A07 /* audio */,
				951A1EFC26D38669004A5F46 /* SelfCoachingAp */,
				951A1EFB26D38669004A5F46 /* Products */,
			);
			sourceTree = "<group>";
		};
		951A1EFB26D38669004A5F46 /* Products */ = {
			isa = PBXGroup;
			children = (
				951A1EFA26D38669004A5F46 /* SelfCoachingAp.app */,
			);
			name = Products;
			sourceTree = "<group>";
		};
		951A1EFC26D38669004A5F46 /* SelfCoachingAp */ = {
			isa = PBXGroup;
			children = (
				951A1F4B26D51CFB004A5F46 /* SelfCoachingAp.entitlements */,
				951A1F0626D3866B004A5F46 /* Info.plist */,
				95B3097E26D61EB700B672D4 /* GoogleService-Info.plist */,
				951084D326D8D0A30092BA5B /* Root */,
				951A1F4326D50347004A5F46 /* MainPageDetails */,
				951A1F0126D3866B004A5F46 /* Assets.xcassets */,
				951A1F0326D3866B004A5F46 /* Preview Content */,
			);
			path = SelfCoachingAp;
			sourceTree = "<group>";
		};
		951A1F0326D3866B004A5F46 /* Preview Content */ = {
			isa = PBXGroup;
			children = (
				951A1F0426D3866B004A5F46 /* Preview Assets.xcassets */,
			);
			path = "Preview Content";
			sourceTree = "<group>";
		};
		951A1F4326D50347004A5F46 /* MainPageDetails */ = {
			isa = PBXGroup;
			children = (
				950D8898271E9CD00014F756 /* Circles and Ints */,
				951084DA26D8D2380092BA5B /* PersonDetails */,
				951084DC26D8D3530092BA5B /* SingleViews */,
			);
			path = MainPageDetails;
			sourceTree = "<group>";
		};
		9584D9ED272F9B7100012A07 /* audio */ = {
			isa = PBXGroup;
			children = (
				9584D9F2272F9E4800012A07 /* tiktak.mp3 */,
			);
			path = audio;
			sourceTree = "<group>";
		};
		95E91D24273A3DAA00928460 /* DI */ = {
			isa = PBXGroup;
			children = (
				95E91D25273A3DF400928460 /* ServiceLocator.swift */,
			);
			path = DI;
			sourceTree = "<group>";
		};
/* End PBXGroup section */

/* Begin PBXNativeTarget section */
		951A1EF926D38669004A5F46 /* SelfCoachingAp */ = {
			isa = PBXNativeTarget;
			buildConfigurationList = 951A1F0926D3866B004A5F46 /* Build configuration list for PBXNativeTarget "SelfCoachingAp" */;
			buildPhases = (
				951A1EF626D38669004A5F46 /* Sources */,
				951A1EF726D38669004A5F46 /* Frameworks */,
				951A1EF826D38669004A5F46 /* Resources */,
			);
			buildRules = (
			);
			dependencies = (
			);
			name = SelfCoachingAp;
			packageProductDependencies = (
				951A1F4726D503C7004A5F46 /* iOSDevPackage */,
				9535FB9926F0BAE20026C5DE /* Resolver */,
			);
			productName = SelfCoachingAp;
			productReference = 951A1EFA26D38669004A5F46 /* SelfCoachingAp.app */;
			productType = "com.apple.product-type.application";
		};
/* End PBXNativeTarget section */

/* Begin PBXProject section */
		951A1EF226D38669004A5F46 /* Project object */ = {
			isa = PBXProject;
			attributes = {
				LastSwiftUpdateCheck = 1250;
				LastUpgradeCheck = 1250;
				TargetAttributes = {
					951A1EF926D38669004A5F46 = {
						CreatedOnToolsVersion = 12.5.1;
					};
				};
			};
			buildConfigurationList = 951A1EF526D38669004A5F46 /* Build configuration list for PBXProject "SelfCoachingAp" */;
			compatibilityVersion = "Xcode 9.3";
			developmentRegion = en;
			hasScannedForEncodings = 0;
			knownRegions = (
				en,
				Base,
			);
			mainGroup = 951A1EF126D38669004A5F46;
			packageReferences = (
				951A1F4626D503C7004A5F46 /* XCRemoteSwiftPackageReference "iosdevpackage" */,
				9535FB9826F0BAE20026C5DE /* XCRemoteSwiftPackageReference "Resolver" */,
			);
			productRefGroup = 951A1EFB26D38669004A5F46 /* Products */;
			projectDirPath = "";
			projectRoot = "";
			targets = (
				951A1EF926D38669004A5F46 /* SelfCoachingAp */,
			);
		};
/* End PBXProject section */

/* Begin PBXResourcesBuildPhase section */
		951A1EF826D38669004A5F46 /* Resources */ = {
			isa = PBXResourcesBuildPhase;
			buildActionMask = 2147483647;
			files = (
				951A1F0526D3866B004A5F46 /* Preview Assets.xcassets in Resources */,
				951A1F0226D3866B004A5F46 /* Assets.xcassets in Resources */,
				95B3097F26D61EB700B672D4 /* GoogleService-Info.plist in Resources */,
				9584D9F3272F9E4800012A07 /* tiktak.mp3 in Resources */,
			);
			runOnlyForDeploymentPostprocessing = 0;
		};
/* End PBXResourcesBuildPhase section */

/* Begin PBXSourcesBuildPhase section */
		951A1EF626D38669004A5F46 /* Sources */ = {
			isa = PBXSourcesBuildPhase;
			buildActionMask = 2147483647;
			files = (
				95E91D2A273CD92A00928460 /* SimpleTimer.swift in Sources */,
				95E91D26273A3DF400928460 /* ServiceLocator.swift in Sources */,
				95E91D34273E124F00928460 /* SwiftUIView.swift in Sources */,
				9535FB8E26E9B1BC0026C5DE /* Button.swift in Sources */,
				951084BC26D78ECB0092BA5B /* PersonDetalsView.swift in Sources */,
				95153D3A27227388008B8AC6 /* TimerViewForCircle.swift in Sources */,
				95E91D2C273CFFD500928460 /* AboutTimer.swift in Sources */,
				950D889E271EA0C10014F756 /* FourCirclesViewModel.swift in Sources */,
				95E91D28273A4D1600928460 /* TestClass.swift in Sources */,
				951084E426DCCD550092BA5B /* StillExView.swift in Sources */,
				9584D9F1272F9C1700012A07 /* Tiktak.swift in Sources */,
				95E91D32273D044E00928460 /* AboutMe.swift in Sources */,
				951084C026D796820092BA5B /* TopTemplateForDetalView.swift in Sources */,
				950F139A2713F85F00E82A8A /* MainTriangle.swift in Sources */,
				950D889C271E9D470014F756 /* FourCircles.swift in Sources */,
				95E91D2E273D020E00928460 /* BreathSceme.swift in Sources */,
				95E91D30273D031200928460 /* Warning.swift in Sources */,
				951A1EFE26D38669004A5F46 /* SelfCoachingApApp.swift in Sources */,
			);
			runOnlyForDeploymentPostprocessing = 0;
		};
/* End PBXSourcesBuildPhase section */

/* Begin XCBuildConfiguration section */
		951A1F0726D3866B004A5F46 /* Debug */ = {
			isa = XCBuildConfiguration;
			buildSettings = {
				ALWAYS_SEARCH_USER_PATHS = NO;
				CLANG_ANALYZER_NONNULL = YES;
				CLANG_ANALYZER_NUMBER_OBJECT_CONVERSION = YES_AGGRESSIVE;
				CLANG_CXX_LANGUAGE_STANDARD = "gnu++14";
				CLANG_CXX_LIBRARY = "libc++";
				CLANG_ENABLE_MODULES = YES;
				CLANG_ENABLE_OBJC_ARC = YES;
				CLANG_ENABLE_OBJC_WEAK = YES;
				CLANG_WARN_BLOCK_CAPTURE_AUTORELEASING = YES;
				CLANG_WARN_BOOL_CONVERSION = YES;
				CLANG_WARN_COMMA = YES;
				CLANG_WARN_CONSTANT_CONVERSION = YES;
				CLANG_WARN_DEPRECATED_OBJC_IMPLEMENTATIONS = YES;
				CLANG_WARN_DIRECT_OBJC_ISA_USAGE = YES_ERROR;
				CLANG_WARN_DOCUMENTATION_COMMENTS = YES;
				CLANG_WARN_EMPTY_BODY = YES;
				CLANG_WARN_ENUM_CONVERSION = YES;
				CLANG_WARN_INFINITE_RECURSION = YES;
				CLANG_WARN_INT_CONVERSION = YES;
				CLANG_WARN_NON_LITERAL_NULL_CONVERSION = YES;
				CLANG_WARN_OBJC_IMPLICIT_RETAIN_SELF = YES;
				CLANG_WARN_OBJC_LITERAL_CONVERSION = YES;
				CLANG_WARN_OBJC_ROOT_CLASS = YES_ERROR;
				CLANG_WARN_QUOTED_INCLUDE_IN_FRAMEWORK_HEADER = YES;
				CLANG_WARN_RANGE_LOOP_ANALYSIS = YES;
				CLANG_WARN_STRICT_PROTOTYPES = YES;
				CLANG_WARN_SUSPICIOUS_MOVE = YES;
				CLANG_WARN_UNGUARDED_AVAILABILITY = YES_AGGRESSIVE;
				CLANG_WARN_UNREACHABLE_CODE = YES;
				CLANG_WARN__DUPLICATE_METHOD_MATCH = YES;
				COPY_PHASE_STRIP = NO;
				DEBUG_INFORMATION_FORMAT = dwarf;
				ENABLE_STRICT_OBJC_MSGSEND = YES;
				ENABLE_TESTABILITY = YES;
				GCC_C_LANGUAGE_STANDARD = gnu11;
				GCC_DYNAMIC_NO_PIC = NO;
				GCC_NO_COMMON_BLOCKS = YES;
				GCC_OPTIMIZATION_LEVEL = 0;
				GCC_PREPROCESSOR_DEFINITIONS = (
					"DEBUG=1",
					"$(inherited)",
				);
				GCC_WARN_64_TO_32_BIT_CONVERSION = YES;
				GCC_WARN_ABOUT_RETURN_TYPE = YES_ERROR;
				GCC_WARN_UNDECLARED_SELECTOR = YES;
				GCC_WARN_UNINITIALIZED_AUTOS = YES_AGGRESSIVE;
				GCC_WARN_UNUSED_FUNCTION = YES;
				GCC_WARN_UNUSED_VARIABLE = YES;
				IPHONEOS_DEPLOYMENT_TARGET = 14.5;
				MTL_ENABLE_DEBUG_INFO = INCLUDE_SOURCE;
				MTL_FAST_MATH = YES;
				ONLY_ACTIVE_ARCH = YES;
				SDKROOT = iphoneos;
				SWIFT_ACTIVE_COMPILATION_CONDITIONS = DEBUG;
				SWIFT_OPTIMIZATION_LEVEL = "-Onone";
			};
			name = Debug;
		};
		951A1F0826D3866B004A5F46 /* Release */ = {
			isa = XCBuildConfiguration;
			buildSettings = {
				ALWAYS_SEARCH_USER_PATHS = NO;
				CLANG_ANALYZER_NONNULL = YES;
				CLANG_ANALYZER_NUMBER_OBJECT_CONVERSION = YES_AGGRESSIVE;
				CLANG_CXX_LANGUAGE_STANDARD = "gnu++14";
				CLANG_CXX_LIBRARY = "libc++";
				CLANG_ENABLE_MODULES = YES;
				CLANG_ENABLE_OBJC_ARC = YES;
				CLANG_ENABLE_OBJC_WEAK = YES;
				CLANG_WARN_BLOCK_CAPTURE_AUTORELEASING = YES;
				CLANG_WARN_BOOL_CONVERSION = YES;
				CLANG_WARN_COMMA = YES;
				CLANG_WARN_CONSTANT_CONVERSION = YES;
				CLANG_WARN_DEPRECATED_OBJC_IMPLEMENTATIONS = YES;
				CLANG_WARN_DIRECT_OBJC_ISA_USAGE = YES_ERROR;
				CLANG_WARN_DOCUMENTATION_COMMENTS = YES;
				CLANG_WARN_EMPTY_BODY = YES;
				CLANG_WARN_ENUM_CONVERSION = YES;
				CLANG_WARN_INFINITE_RECURSION = YES;
				CLANG_WARN_INT_CONVERSION = YES;
				CLANG_WARN_NON_LITERAL_NULL_CONVERSION = YES;
				CLANG_WARN_OBJC_IMPLICIT_RETAIN_SELF = YES;
				CLANG_WARN_OBJC_LITERAL_CONVERSION = YES;
				CLANG_WARN_OBJC_ROOT_CLASS = YES_ERROR;
				CLANG_WARN_QUOTED_INCLUDE_IN_FRAMEWORK_HEADER = YES;
				CLANG_WARN_RANGE_LOOP_ANALYSIS = YES;
				CLANG_WARN_STRICT_PROTOTYPES = YES;
				CLANG_WARN_SUSPICIOUS_MOVE = YES;
				CLANG_WARN_UNGUARDED_AVAILABILITY = YES_AGGRESSIVE;
				CLANG_WARN_UNREACHABLE_CODE = YES;
				CLANG_WARN__DUPLICATE_METHOD_MATCH = YES;
				COPY_PHASE_STRIP = NO;
				DEBUG_INFORMATION_FORMAT = "dwarf-with-dsym";
				ENABLE_NS_ASSERTIONS = NO;
				ENABLE_STRICT_OBJC_MSGSEND = YES;
				GCC_C_LANGUAGE_STANDARD = gnu11;
				GCC_NO_COMMON_BLOCKS = YES;
				GCC_WARN_64_TO_32_BIT_CONVERSION = YES;
				GCC_WARN_ABOUT_RETURN_TYPE = YES_ERROR;
				GCC_WARN_UNDECLARED_SELECTOR = YES;
				GCC_WARN_UNINITIALIZED_AUTOS = YES_AGGRESSIVE;
				GCC_WARN_UNUSED_FUNCTION = YES;
				GCC_WARN_UNUSED_VARIABLE = YES;
				IPHONEOS_DEPLOYMENT_TARGET = 14.5;
				MTL_ENABLE_DEBUG_INFO = NO;
				MTL_FAST_MATH = YES;
				SDKROOT = iphoneos;
				SWIFT_COMPILATION_MODE = wholemodule;
				SWIFT_OPTIMIZATION_LEVEL = "-O";
				VALIDATE_PRODUCT = YES;
			};
			name = Release;
		};
		951A1F0A26D3866B004A5F46 /* Debug */ = {
			isa = XCBuildConfiguration;
			buildSettings = {
				ASSETCATALOG_COMPILER_APPICON_NAME = AppIcon;
				ASSETCATALOG_COMPILER_GLOBAL_ACCENT_COLOR_NAME = AccentColor;
				CODE_SIGN_ENTITLEMENTS = SelfCoachingAp/SelfCoachingAp.entitlements;
				CODE_SIGN_IDENTITY = "Apple Development";
				CODE_SIGN_STYLE = Automatic;
				DEVELOPMENT_ASSET_PATHS = "\"SelfCoachingAp/Preview Content\"";
				DEVELOPMENT_TEAM = E6EEE7YUH4;
				ENABLE_PREVIEWS = YES;
				INFOPLIST_FILE = SelfCoachingAp/Info.plist;
				IPHONEOS_DEPLOYMENT_TARGET = 14.0;
				LD_RUNPATH_SEARCH_PATHS = (
					"$(inherited)",
					"@executable_path/Frameworks",
				);
				PRODUCT_BUNDLE_IDENTIFIER = SelfCoachingApp;
				PRODUCT_NAME = "$(TARGET_NAME)";
				PROVISIONING_PROFILE_SPECIFIER = "";
				SWIFT_VERSION = 5.0;
				TARGETED_DEVICE_FAMILY = 1;
			};
			name = Debug;
		};
		951A1F0B26D3866B004A5F46 /* Release */ = {
			isa = XCBuildConfiguration;
			buildSettings = {
				ASSETCATALOG_COMPILER_APPICON_NAME = AppIcon;
				ASSETCATALOG_COMPILER_GLOBAL_ACCENT_COLOR_NAME = AccentColor;
				CODE_SIGN_ENTITLEMENTS = SelfCoachingAp/SelfCoachingAp.entitlements;
				CODE_SIGN_IDENTITY = "Apple Development";
				CODE_SIGN_STYLE = Automatic;
				DEVELOPMENT_ASSET_PATHS = "\"SelfCoachingAp/Preview Content\"";
				DEVELOPMENT_TEAM = E6EEE7YUH4;
				ENABLE_PREVIEWS = YES;
				INFOPLIST_FILE = SelfCoachingAp/Info.plist;
				IPHONEOS_DEPLOYMENT_TARGET = 14.0;
				LD_RUNPATH_SEARCH_PATHS = (
					"$(inherited)",
					"@executable_path/Frameworks",
				);
				PRODUCT_BUNDLE_IDENTIFIER = SelfCoachingApp;
				PRODUCT_NAME = "$(TARGET_NAME)";
				PROVISIONING_PROFILE_SPECIFIER = "";
				SWIFT_VERSION = 5.0;
				TARGETED_DEVICE_FAMILY = 1;
			};
			name = Release;
		};
/* End XCBuildConfiguration section */

/* Begin XCConfigurationList section */
		951A1EF526D38669004A5F46 /* Build configuration list for PBXProject "SelfCoachingAp" */ = {
			isa = XCConfigurationList;
			buildConfigurations = (
				951A1F0726D3866B004A5F46 /* Debug */,
				951A1F0826D3866B004A5F46 /* Release */,
			);
			defaultConfigurationIsVisible = 0;
			defaultConfigurationName = Release;
		};
		951A1F0926D3866B004A5F46 /* Build configuration list for PBXNativeTarget "SelfCoachingAp" */ = {
			isa = XCConfigurationList;
			buildConfigurations = (
				951A1F0A26D3866B004A5F46 /* Debug */,
				951A1F0B26D3866B004A5F46 /* Release */,
			);
			defaultConfigurationIsVisible = 0;
			defaultConfigurationName = Release;
		};
/* End XCConfigurationList section */

/* Begin XCRemoteSwiftPackageReference section */
		951A1F4626D503C7004A5F46 /* XCRemoteSwiftPackageReference "iosdevpackage" */ = {
			isa = XCRemoteSwiftPackageReference;
			repositoryURL = "https://gitlab.issart.com/nbaklanov/iosdevpackage.git";
			requirement = {
				kind = upToNextMajorVersion;
				minimumVersion = 1.0.1;
			};
		};
		9535FB9826F0BAE20026C5DE /* XCRemoteSwiftPackageReference "Resolver" */ = {
			isa = XCRemoteSwiftPackageReference;
			repositoryURL = "https://github.com/hmlongco/Resolver";
			requirement = {
				kind = upToNextMajorVersion;
				minimumVersion = 1.4.4;
			};
		};
/* End XCRemoteSwiftPackageReference section */

/* Begin XCSwiftPackageProductDependency section */
		951A1F4726D503C7004A5F46 /* iOSDevPackage */ = {
			isa = XCSwiftPackageProductDependency;
			package = 951A1F4626D503C7004A5F46 /* XCRemoteSwiftPackageReference "iosdevpackage" */;
			productName = iOSDevPackage;
		};
		9535FB9926F0BAE20026C5DE /* Resolver */ = {
			isa = XCSwiftPackageProductDependency;
			package = 9535FB9826F0BAE20026C5DE /* XCRemoteSwiftPackageReference "Resolver" */;
			productName = Resolver;
		};
/* End XCSwiftPackageProductDependency section */
	};
	rootObject = 951A1EF226D38669004A5F46 /* Project object */;
}
