{
  "object": {
    "pins": [
      {
        "package": "iOSDevPackage",
        "repositoryURL": "https://gitlab.issart.com/nbaklanov/iosdevpackage.git",
        "state": {
          "branch": null,
          "revision": "566d1f3c947f1765cdb7ea2cdd06597ee5141d32",
          "version": "1.0.1"
        }
      },
      {
        "package": "Lottie",
        "repositoryURL": "https://github.com/airbnb/lottie-ios.git",
        "state": {
          "branch": null,
          "revision": "79a0b70547f7c40ea54c67487f935fa2f2eaaadc",
          "version": "3.2.3"
        }
      },
      {
        "package": "Realm",
        "repositoryURL": "https://github.com/realm/realm-cocoa.git",
        "state": {
          "branch": null,
          "revision": "7a3e25994d4d917efe30fa4496775d3f024b71b6",
          "version": "10.13.0"
        }
      },
      {
        "package": "RealmDatabase",
        "repositoryURL": "https://github.com/realm/realm-core",
        "state": {
          "branch": null,
          "revision": "9a7d09994e85b7eda8e3553b444bcfef6ec3f9ea",
          "version": "11.3.0"
        }
      },
      {
        "package": "Resolver",
        "repositoryURL": "https://github.com/hmlongco/Resolver",
        "state": {
          "branch": null,
          "revision": "609908e0b67911ebf7386609552a48d4ec07958e",
          "version": "1.4.4"
        }
      }
    ]
  },
  "version": 1
}
